
Microsoft Visual Studio Solution File, Format Version 12.00
# Visual Studio Version 17
VisualStudioVersion = 17.4.33213.308
MinimumVisualStudioVersion = 10.0.40219.1
Project("{FAE04EC0-301F-11D3-BF4B-00C04F79EFBC}") = "CarShowroom", "CarShowroom.csproj", "{466D750D-6D54-460F-AA40-CF4E3D18A40E}"
EndProject
Global
	GlobalSection(SolutionConfigurationPlatforms) = preSolution
		Debug|Any CPU = Debug|Any CPU
		Release|Any CPU = Release|Any CPU
	EndGlobalSection
	GlobalSection(ProjectConfigurationPlatforms) = postSolution
		{466D750D-6D54-460F-AA40-CF4E3D18A40E}.Debug|Any CPU.ActiveCfg = Debug|Any CPU
		{466D750D-6D54-460F-AA40-CF4E3D18A40E}.Debug|Any CPU.Build.0 = Debug|Any CPU
		{466D750D-6D54-460F-AA40-CF4E3D18A40E}.Release|Any CPU.ActiveCfg = Release|Any CPU
		{466D750D-6D54-460F-AA40-CF4E3D18A40E}.Release|Any CPU.Build.0 = Release|Any CPU
	EndGlobalSection
	GlobalSection(SolutionProperties) = preSolution
		HideSolutionNode = FALSE
	EndGlobalSection
	GlobalSection(ExtensibilityGlobals) = postSolution
		SolutionGuid = {7D9D38F7-DA13-43D5-A6F7-1DD817FD2B2B}
	EndGlobalSection
EndGlobal
